
Microsoft Visual Studio Solution File, Format Version 12.00
# Visual Studio Version 17
VisualStudioVersion = 17.14.36127.28
MinimumVisualStudioVersion = 10.0.40219.1
Project("{FAE04EC0-301F-11D3-BF4B-00C04F79EFBC}") = "QualityControl.UI", "QualityControl.UI\QualityControl.UI.csproj", "{89C4050F-7928-49E3-A2B2-8A6938EF32F2}"
EndProject
Global
	GlobalSection(SolutionConfigurationPlatforms) = preSolution
		Debug|Any CPU = Debug|Any CPU
		Release|Any CPU = Release|Any CPU
	EndGlobalSection
	GlobalSection(ProjectConfigurationPlatforms) = postSolution
		{89C4050F-7928-49E3-A2B2-8A6938EF32F2}.Debug|Any CPU.ActiveCfg = Debug|Any CPU
		{89C4050F-7928-49E3-A2B2-8A6938EF32F2}.Debug|Any CPU.Build.0 = Debug|Any CPU
		{89C4050F-7928-49E3-A2B2-8A6938EF32F2}.Release|Any CPU.ActiveCfg = Release|Any CPU
		{89C4050F-7928-49E3-A2B2-8A6938EF32F2}.Release|Any CPU.Build.0 = Release|Any CPU
	EndGlobalSection
	GlobalSection(SolutionProperties) = preSolution
		HideSolutionNode = FALSE
	EndGlobalSection
	GlobalSection(ExtensibilityGlobals) = postSolution
		SolutionGuid = {E7F89BBE-B4DA-4797-8DA5-C4058F82B341}
	EndGlobalSection
EndGlobal
